<?xml version="1.0" encoding="utf-8"?>
<Project ToolsVersion="4.0" xmlns="http://schemas.microsoft.com/developer/msbuild/2003">
  <ItemGroup>
    <Filter Include="Source Files">
      <UniqueIdentifier>{2eb1590d-d635-436b-b0a9-b5b5bf70f9db}</UniqueIdentifier>
      <Extensions>cpp;c;cxx;rc;def;r;odl;idl;hpj;bat</Extensions>
    </Filter>
    <Filter Include="Header Files">
      <UniqueIdentifier>{1d4c6b19-aa22-411b-8ac6-98b061d46b67}</UniqueIdentifier>
      <Extensions>h;hpp;hxx;hm;inl</Extensions>
    </Filter>
    <Filter Include="Module Files">
      <UniqueIdentifier>{115E6387-3699-414f-89E3-A8DCD7CD1CD3}</UniqueIdentifier>
      <Extensions>def;odl;idl;hpj;rc;xsd;</Extensions>
    </Filter>
    <Filter Include="Module Files\_dev_pragmatics_">
      <UniqueIdentifier>{13fbc6ca-5b45-455a-99db-0e20ea52f219}</UniqueIdentifier>
    </Filter>
    <Filter Include="Header Files\include">
      <UniqueIdentifier>{4796258e-6bc2-4485-b247-97332eff8fde}</UniqueIdentifier>
    </Filter>
    <Filter Include="Header Files\include\libpath">
      <UniqueIdentifier>{453d78f9-4237-4956-97f1-73484192bca5}</UniqueIdentifier>
    </Filter>
    <Filter Include="Header Files\include\libpath\equate">
      <UniqueIdentifier>{b4e5ea27-17a9-43e3-9ed8-091d23375d92}</UniqueIdentifier>
    </Filter>
    <Filter Include="Header Files\include\libpath\compare">
      <UniqueIdentifier>{fa3f7a81-ea6d-452e-a27c-8d85979bea9f}</UniqueIdentifier>
    </Filter>
    <Filter Include="Header Files\include\libpath\parse">
      <UniqueIdentifier>{d70634a7-218a-417f-aba3-ebbec74fff49}</UniqueIdentifier>
    </Filter>
    <Filter Include="Header Files\include\libpath\common">
      <UniqueIdentifier>{5d17bbaf-37bf-4ee7-bec2-392141c7bf53}</UniqueIdentifier>
    </Filter>
    <Filter Include="Header Files\include\libpath\util">
      <UniqueIdentifier>{f8fd224e-90b4-4d6d-b0ea-617ce727ff4b}</UniqueIdentifier>
    </Filter>
    <Filter Include="Header Files\src">
      <UniqueIdentifier>{d7635f14-929b-4f32-951a-4c26f92c0610}</UniqueIdentifier>
    </Filter>
    <Filter Include="Header Files\include\libpath\common\internal">
      <UniqueIdentifier>{02ac49d0-eb56-4f1e-8b14-3887a2ee055a}</UniqueIdentifier>
    </Filter>
    <Filter Include="Header Files\include\libpath\common\portability">
      <UniqueIdentifier>{16da8192-07e7-409d-9893-277a3c7ef8cf}</UniqueIdentifier>
    </Filter>
    <Filter Include="Header Files\include\libpath\common\result_codes">
      <UniqueIdentifier>{b5a5ab5d-9123-4558-abc1-843c41b388fd}</UniqueIdentifier>
    </Filter>
    <Filter Include="Header Files\include\libpath\common\shims">
      <UniqueIdentifier>{c2dd7dc7-d8c9-4d5b-a427-904bd6ff3b07}</UniqueIdentifier>
    </Filter>
    <Filter Include="Header Files\include\libpath\common\types">
      <UniqueIdentifier>{bb148671-042b-4b31-99c5-fab38c5de090}</UniqueIdentifier>
    </Filter>
    <Filter Include="Header Files\include\libpath\common\result_codes\enumerations">
      <UniqueIdentifier>{746a41eb-6ace-42f9-9b11-6ad61625d557}</UniqueIdentifier>
    </Filter>
    <Filter Include="Header Files\include\libpath\common\shims\access">
      <UniqueIdentifier>{d696fa40-8b6d-4245-b740-81655fc8b739}</UniqueIdentifier>
    </Filter>
    <Filter Include="Header Files\include\libpath\common\shims\access\string">
      <UniqueIdentifier>{1b6aadbb-e16b-4641-ba16-155cb747659b}</UniqueIdentifier>
    </Filter>
    <Filter Include="Header Files\include\libpath\equate\types">
      <UniqueIdentifier>{0bc2f2f3-f79f-4bae-87b3-a595d6cd312f}</UniqueIdentifier>
    </Filter>
    <Filter Include="Header Files\include\libpath\parse\types">
      <UniqueIdentifier>{f13aa1c2-18e1-4181-9c50-ae318097201a}</UniqueIdentifier>
    </Filter>
    <Filter Include="Header Files\include\libpath\equate\types\enumerations">
      <UniqueIdentifier>{86e9cc1d-278b-4641-8a6b-b195983f5753}</UniqueIdentifier>
    </Filter>
    <Filter Include="Header Files\include\libpath\parse\types\enumerations">
      <UniqueIdentifier>{ac0fa79a-ff44-414a-89c6-288cb7e519f0}</UniqueIdentifier>
    </Filter>
  </ItemGroup>
  <ItemGroup>
    <ClCompile Include="..\..\..\src\libpath.compare.api.c">
      <Filter>Source Files</Filter>
    </ClCompile>
    <ClCompile Include="..\..\..\src\libpath.equate.api.c">
      <Filter>Source Files</Filter>
    </ClCompile>
    <ClCompile Include="..\..\..\src\libpath.equate.internal.c">
      <Filter>Source Files</Filter>
    </ClCompile>
    <ClCompile Include="..\..\..\src\libpath.parse.api.c">
      <Filter>Source Files</Filter>
    </ClCompile>
    <ClCompile Include="..\..\..\src\libpath.parse.internal.c">
      <Filter>Source Files</Filter>
    </ClCompile>
    <ClCompile Include="..\..\..\src\libpath.util.api.c">
      <Filter>Source Files</Filter>
    </ClCompile>
    <ClCompile Include="..\..\..\src\libpath.compare.internal.c">
      <Filter>Source Files</Filter>
    </ClCompile>
    <ClCompile Include="..\pch.c">
      <Filter>Module Files</Filter>
    </ClCompile>
  </ItemGroup>
  <ItemGroup>
    <ClInclude Include="..\pch.h">
      <Filter>Module Files</Filter>
    </ClInclude>
    <ClInclude Include="..\_dev_pragmatics_\warnings.msvc.10+.h">
      <Filter>Module Files\_dev_pragmatics_</Filter>
    </ClInclude>
    <ClInclude Include="..\..\..\include\libpath\util.h">
      <Filter>Header Files\include\libpath</Filter>
    </ClInclude>
    <ClInclude Include="..\..\..\include\libpath\compare.h">
      <Filter>Header Files\include\libpath</Filter>
    </ClInclude>
    <ClInclude Include="..\..\..\include\libpath\compare.hpp">
      <Filter>Header Files\include\libpath</Filter>
    </ClInclude>
    <ClInclude Include="..\..\..\include\libpath\equate.h">
      <Filter>Header Files\include\libpath</Filter>
    </ClInclude>
    <ClInclude Include="..\..\..\include\libpath\implicit_link.h">
      <Filter>Header Files\include\libpath</Filter>
    </ClInclude>
    <ClInclude Include="..\..\..\include\libpath\libpath.h">
      <Filter>Header Files\include\libpath</Filter>
    </ClInclude>
    <ClInclude Include="..\..\..\include\libpath\parse.h">
      <Filter>Header Files\include\libpath</Filter>
    </ClInclude>
    <ClInclude Include="..\..\..\include\libpath\parse.hpp">
      <Filter>Header Files\include\libpath</Filter>
    </ClInclude>
    <ClInclude Include="..\..\..\include\libpath\common\version.h">
      <Filter>Header Files\include\libpath\common</Filter>
    </ClInclude>
    <ClInclude Include="..\..\..\include\libpath\common\macros.h">
      <Filter>Header Files\include\libpath\common</Filter>
    </ClInclude>
    <ClInclude Include="..\..\..\include\libpath\common\types.h">
      <Filter>Header Files\include\libpath\common</Filter>
    </ClInclude>
    <ClInclude Include="..\..\..\include\libpath\common\types.hpp">
      <Filter>Header Files\include\libpath\common</Filter>
    </ClInclude>
    <ClInclude Include="..\..\..\include\libpath\compare\api.h">
      <Filter>Header Files\include\libpath\compare</Filter>
    </ClInclude>
    <ClInclude Include="..\..\..\include\libpath\compare\types.h">
      <Filter>Header Files\include\libpath\compare</Filter>
    </ClInclude>
    <ClInclude Include="..\..\..\include\libpath\equate\types.h">
      <Filter>Header Files\include\libpath\equate</Filter>
    </ClInclude>
    <ClInclude Include="..\..\..\include\libpath\equate\api.h">
      <Filter>Header Files\include\libpath\equate</Filter>
    </ClInclude>
    <ClInclude Include="..\..\..\include\libpath\parse\types.h">
      <Filter>Header Files\include\libpath\parse</Filter>
    </ClInclude>
    <ClInclude Include="..\..\..\include\libpath\parse\api.h">
      <Filter>Header Files\include\libpath\parse</Filter>
    </ClInclude>
    <ClInclude Include="..\..\..\include\libpath\util\api.h">
      <Filter>Header Files\include\libpath\util</Filter>
    </ClInclude>
    <ClInclude Include="..\..\..\include\libpath\util\types.h">
      <Filter>Header Files\include\libpath\util</Filter>
    </ClInclude>
    <ClInclude Include="..\..\..\src\libpath.compare.internal.h">
      <Filter>Header Files\src</Filter>
    </ClInclude>
    <ClInclude Include="..\..\..\src\libpath.equate.internal.h">
      <Filter>Header Files\src</Filter>
    </ClInclude>
    <ClInclude Include="..\..\..\src\libpath.parse.internal.h">
      <Filter>Header Files\src</Filter>
    </ClInclude>
    <ClInclude Include="..\..\..\src\libpath.quality.contract.h">
      <Filter>Header Files\src</Filter>
    </ClInclude>
    <ClInclude Include="..\..\..\src\libpath.string.tchar.h">
      <Filter>Header Files\src</Filter>
    </ClInclude>
    <ClInclude Include="..\..\..\include\libpath\common\internal\namespace_.h">
      <Filter>Header Files\include\libpath\common</Filter>
    </ClInclude>
    <ClInclude Include="..\..\..\include\libpath\common\internal\nothing_.h">
      <Filter>Header Files\include\libpath\common\internal</Filter>
    </ClInclude>
    <ClInclude Include="..\..\..\include\libpath\common\portability\operating_system.h">
      <Filter>Header Files\include\libpath\common\portability</Filter>
    </ClInclude>
    <ClInclude Include="..\..\..\include\libpath\common\result_codes\result_codes_.h">
      <Filter>Header Files\include\libpath\common\result_codes</Filter>
    </ClInclude>
    <ClInclude Include="..\..\..\include\libpath\common\result_codes\enumerations\rc.h">
      <Filter>Header Files\include\libpath\common\result_codes\enumerations</Filter>
    </ClInclude>
    <ClInclude Include="..\..\..\include\libpath\common\result_codes\enumerations\rcx.h">
      <Filter>Header Files\include\libpath\common\result_codes\enumerations</Filter>
    </ClInclude>
    <ClInclude Include="..\..\..\include\libpath\common\types\fundamental_.h">
      <Filter>Header Files\include\libpath\common\types</Filter>
    </ClInclude>
    <ClInclude Include="..\..\..\include\libpath\common\types\slices_.h">
      <Filter>Header Files\include\libpath\common\types</Filter>
    </ClInclude>
    <ClInclude Include="..\..\..\include\libpath\common\types\truthy_.h">
      <Filter>Header Files\include\libpath\common</Filter>
    </ClInclude>
    <ClInclude Include="..\..\..\include\libpath\common\shims\access\string\StringSlice.hpp">
      <Filter>Header Files\include\libpath\common\shims\access\string</Filter>
    </ClInclude>
    <ClInclude Include="..\..\..\include\libpath\equate\types\EquateOption.h">
      <Filter>Header Files\include\libpath\equate\types</Filter>
    </ClInclude>
    <ClInclude Include="..\..\..\include\libpath\parse\types\ParseOption.h">
      <Filter>Header Files\include\libpath\parse\types</Filter>
    </ClInclude>
    <ClInclude Include="..\..\..\include\libpath\equate\types\enumerations\EquateOption.h">
      <Filter>Header Files\include\libpath\equate\types\enumerations</Filter>
    </ClInclude>
    <ClInclude Include="..\..\..\include\libpath\parse\types\enumerations\ParseOption.h">
      <Filter>Header Files\include\libpath\parse\types\enumerations</Filter>
    </ClInclude>
  </ItemGroup>
</Project>